
Microsoft Visual Studio Solution File, Format Version 12.00
# Visual Studio 14
VisualStudioVersion = 14.0.25123.0
MinimumVisualStudioVersion = 10.0.40219.1
Project("{FAE04EC0-301F-11D3-BF4B-00C04F79EFBC}") = "TransactionsProcessing.Common", "TransactionsProcessing.Common\TransactionsProcessing.Common.csproj", "{F039F941-8752-480B-AD21-44706D2B471E}"
EndProject
Project("{FAE04EC0-301F-11D3-BF4B-00C04F79EFBC}") = "TransactionsProcessing.ValidationServer", "TransactionsProcessing.ValidationServer\TransactionsProcessing.ValidationServer.csproj", "{1CA4CEEB-3673-483C-A738-EDF66965CBEB}"
EndProject
Project("{FAE04EC0-301F-11D3-BF4B-00C04F79EFBC}") = "TransactionsProcessing.BatchLoad", "TransactionsProcessing.BatchLoad\TransactionsProcessing.BatchLoad.csproj", "{8F789699-1E1C-48FF-9668-E94EB0B7CD4B}"
EndProject
Project("{FAE04EC0-301F-11D3-BF4B-00C04F79EFBC}") = "TransactionsProcessing.ReportServer", "TransactionsProcessing.ReportServer\TransactionsProcessing.ReportServer.csproj", "{9C44C206-6791-4AD3-97DC-5A1FF4391F41}"
EndProject
Global
	GlobalSection(SolutionConfigurationPlatforms) = preSolution
		Debug|Any CPU = Debug|Any CPU
		Release|Any CPU = Release|Any CPU
	EndGlobalSection
	GlobalSection(ProjectConfigurationPlatforms) = postSolution
		{F039F941-8752-480B-AD21-44706D2B471E}.Debug|Any CPU.ActiveCfg = Debug|Any CPU
		{F039F941-8752-480B-AD21-44706D2B471E}.Debug|Any CPU.Build.0 = Debug|Any CPU
		{F039F941-8752-480B-AD21-44706D2B471E}.Release|Any CPU.ActiveCfg = Release|Any CPU
		{F039F941-8752-480B-AD21-44706D2B471E}.Release|Any CPU.Build.0 = Release|Any CPU
		{1CA4CEEB-3673-483C-A738-EDF66965CBEB}.Debug|Any CPU.ActiveCfg = Debug|Any CPU
		{1CA4CEEB-3673-483C-A738-EDF66965CBEB}.Debug|Any CPU.Build.0 = Debug|Any CPU
		{1CA4CEEB-3673-483C-A738-EDF66965CBEB}.Release|Any CPU.ActiveCfg = Release|Any CPU
		{1CA4CEEB-3673-483C-A738-EDF66965CBEB}.Release|Any CPU.Build.0 = Release|Any CPU
		{8F789699-1E1C-48FF-9668-E94EB0B7CD4B}.Debug|Any CPU.ActiveCfg = Debug|Any CPU
		{8F789699-1E1C-48FF-9668-E94EB0B7CD4B}.Debug|Any CPU.Build.0 = Debug|Any CPU
		{8F789699-1E1C-48FF-9668-E94EB0B7CD4B}.Release|Any CPU.ActiveCfg = Release|Any CPU
		{8F789699-1E1C-48FF-9668-E94EB0B7CD4B}.Release|Any CPU.Build.0 = Release|Any CPU
		{9C44C206-6791-4AD3-97DC-5A1FF4391F41}.Debug|Any CPU.ActiveCfg = Debug|Any CPU
		{9C44C206-6791-4AD3-97DC-5A1FF4391F41}.Debug|Any CPU.Build.0 = Debug|Any CPU
		{9C44C206-6791-4AD3-97DC-5A1FF4391F41}.Release|Any CPU.ActiveCfg = Release|Any CPU
		{9C44C206-6791-4AD3-97DC-5A1FF4391F41}.Release|Any CPU.Build.0 = Release|Any CPU
	EndGlobalSection
	GlobalSection(SolutionProperties) = preSolution
		HideSolutionNode = FALSE
	EndGlobalSection
EndGlobal
